
Microsoft Visual Studio Solution File, Format Version 12.00
# Visual Studio Version 16
VisualStudioVersion = 16.0.34114.132
MinimumVisualStudioVersion = 10.0.40219.1
Project("{FAE04EC0-301F-11D3-BF4B-00C04F79EFBC}") = "ConsoleApp2", "ConsoleApp2\ConsoleApp2.csproj", "{863FC08F-3ADA-44E4-9247-5EFD55E52634}"
EndProject
Global
	GlobalSection(SolutionConfigurationPlatforms) = preSolution
		Debug|Any CPU = Debug|Any CPU
		Release|Any CPU = Release|Any CPU
	EndGlobalSection
	GlobalSection(ProjectConfigurationPlatforms) = postSolution
		{863FC08F-3ADA-44E4-9247-5EFD55E52634}.Debug|Any CPU.ActiveCfg = Debug|Any CPU
		{863FC08F-3ADA-44E4-9247-5EFD55E52634}.Debug|Any CPU.Build.0 = Debug|Any CPU
		{863FC08F-3ADA-44E4-9247-5EFD55E52634}.Release|Any CPU.ActiveCfg = Release|Any CPU
		{863FC08F-3ADA-44E4-9247-5EFD55E52634}.Release|Any CPU.Build.0 = Release|Any CPU
	EndGlobalSection
	GlobalSection(SolutionProperties) = preSolution
		HideSolutionNode = FALSE
	EndGlobalSection
	GlobalSection(ExtensibilityGlobals) = postSolution
		SolutionGuid = {F6B12B71-2EF7-412F-B924-B0D6F90D88A7}
	EndGlobalSection
EndGlobal
